
Microsoft Visual Studio Solution File, Format Version 12.00
# Visual Studio Version 17
VisualStudioVersion = 17.14.36408.4
MinimumVisualStudioVersion = 10.0.40219.1
Project("{FAE04EC0-301F-11D3-BF4B-00C04F79EFBC}") = "NOSQL Project- Incident management system", "NOSQL Project- Incident management system\NOSQL Project- Incident management system.csproj", "{DDFD6274-0064-43E1-8D74-079976106E18}"
EndProject
Project("{2150E333-8FDC-42A3-9474-1A3956D46DE8}") = "Solution Items", "Solution Items", "{8EC462FD-D22E-90A8-E5CE-7E832BA40C5D}"
	ProjectSection(SolutionItems) = preProject
		.gitignore = .gitignore
		README.md = README.md
	EndProjectSection
EndProject
Global
	GlobalSection(SolutionConfigurationPlatforms) = preSolution
		Debug|Any CPU = Debug|Any CPU
		Release|Any CPU = Release|Any CPU
	EndGlobalSection
	GlobalSection(ProjectConfigurationPlatforms) = postSolution
		{DDFD6274-0064-43E1-8D74-079976106E18}.Debug|Any CPU.ActiveCfg = Debug|Any CPU
		{DDFD6274-0064-43E1-8D74-079976106E18}.Debug|Any CPU.Build.0 = Debug|Any CPU
		{DDFD6274-0064-43E1-8D74-079976106E18}.Release|Any CPU.ActiveCfg = Release|Any CPU
		{DDFD6274-0064-43E1-8D74-079976106E18}.Release|Any CPU.Build.0 = Release|Any CPU
	EndGlobalSection
	GlobalSection(SolutionProperties) = preSolution
		HideSolutionNode = FALSE
	EndGlobalSection
	GlobalSection(ExtensibilityGlobals) = postSolution
		SolutionGuid = {B03E9BA7-2055-49B6-8683-67A9A5445B6C}
	EndGlobalSection
EndGlobal
